// !$*UTF8*$!
{
	archiveVersion = 1;
	classes = {
	};
	objectVersion = 50;
	objects = {

/* Begin PBXBuildFile section */
		F2AE5F7C216250B800D334EC /* AppDelegate.swift in Sources */ = {isa = PBXBuildFile; fileRef = F2AE5F7B216250B800D334EC /* AppDelegate.swift */; };
		F2AE5F7E216250B800D334EC /* QRCodeViewController.swift in Sources */ = {isa = PBXBuildFile; fileRef = F2AE5F7D216250B800D334EC /* QRCodeViewController.swift */; };
		F2AE5F81216250B800D334EC /* Main.storyboard in Resources */ = {isa = PBXBuildFile; fileRef = F2AE5F7F216250B800D334EC /* Main.storyboard */; };
		F2AE5F83216250B900D334EC /* Assets.xcassets in Resources */ = {isa = PBXBuildFile; fileRef = F2AE5F82216250B900D334EC /* Assets.xcassets */; };
		F2AE5F86216250B900D334EC /* LaunchScreen.storyboard in Resources */ = {isa = PBXBuildFile; fileRef = F2AE5F84216250B900D334EC /* LaunchScreen.storyboard */; };
		F2AE5F8E2162558600D334EC /* QRScanerViewController.swift in Sources */ = {isa = PBXBuildFile; fileRef = F2AE5F8D2162558600D334EC /* QRScanerViewController.swift */; };
		F2D81B472163D984004E6331 /* Data.json in Resources */ = {isa = PBXBuildFile; fileRef = F2D81B452163D984004E6331 /* Data.json */; };
		F2D81B4A2163DB85004E6331 /* Information.swift in Sources */ = {isa = PBXBuildFile; fileRef = F2D81B492163DB85004E6331 /* Information.swift */; };
/* End PBXBuildFile section */

/* Begin PBXFileReference section */
		F2AE5F78216250B800D334EC /* QRCodePOC.app */ = {isa = PBXFileReference; explicitFileType = wrapper.application; includeInIndex = 0; path = QRCodePOC.app; sourceTree = BUILT_PRODUCTS_DIR; };
		F2AE5F7B216250B800D334EC /* AppDelegate.swift */ = {isa = PBXFileReference; lastKnownFileType = sourcecode.swift; path = AppDelegate.swift; sourceTree = "<group>"; };
		F2AE5F7D216250B800D334EC /* QRCodeViewController.swift */ = {isa = PBXFileReference; lastKnownFileType = sourcecode.swift; path = QRCodeViewController.swift; sourceTree = "<group>"; };
		F2AE5F80216250B800D334EC /* Base */ = {isa = PBXFileReference; lastKnownFileType = file.storyboard; name = Base; path = Base.lproj/Main.storyboard; sourceTree = "<group>"; };
		F2AE5F82216250B900D334EC /* Assets.xcassets */ = {isa = PBXFileReference; lastKnownFileType = folder.assetcatalog; path = Assets.xcassets; sourceTree = "<group>"; };
		F2AE5F85216250B900D334EC /* Base */ = {isa = PBXFileReference; lastKnownFileType = file.storyboard; name = Base; path = Base.lproj/LaunchScreen.storyboard; sourceTree = "<group>"; };
		F2AE5F87216250BA00D334EC /* Info.plist */ = {isa = PBXFileReference; lastKnownFileType = text.plist.xml; path = Info.plist; sourceTree = "<group>"; };
		F2AE5F8D2162558600D334EC /* QRScanerViewController.swift */ = {isa = PBXFileReference; lastKnownFileType = sourcecode.swift; path = QRScanerViewController.swift; sourceTree = "<group>"; };
		F2D81B462163D984004E6331 /* Base */ = {isa = PBXFileReference; lastKnownFileType = text.json; name = Base; path = Base.lproj/Data.json; sourceTree = "<group>"; };
		F2D81B492163DB85004E6331 /* Information.swift */ = {isa = PBXFileReference; lastKnownFileType = sourcecode.swift; path = Information.swift; sourceTree = "<group>"; };
/* End PBXFileReference section */

/* Begin PBXFrameworksBuildPhase section */
		F2AE5F75216250B800D334EC /* Frameworks */ = {
			isa = PBXFrameworksBuildPhase;
			buildActionMask = 2147483647;
			files = (
			);
			runOnlyForDeploymentPostprocessing = 0;
		};
/* End PBXFrameworksBuildPhase section */

/* Begin PBXGroup section */
		F2AE5F6F216250B800D334EC = {
			isa = PBXGroup;
			children = (
				F2AE5F7A216250B800D334EC /* QRCodePOC */,
				F2AE5F79216250B800D334EC /* Products */,
			);
			sourceTree = "<group>";
		};
		F2AE5F79216250B800D334EC /* Products */ = {
			isa = PBXGroup;
			children = (
				F2AE5F78216250B800D334EC /* QRCodePOC.app */,
			);
			name = Products;
			sourceTree = "<group>";
		};
		F2AE5F7A216250B800D334EC /* QRCodePOC */ = {
			isa = PBXGroup;
			children = (
				F2D81B482163DAE2004E6331 /* QRInformation */,
				F2AE5F8F2162579400D334EC /* ScanQRCode */,
				F2AE5F7B216250B800D334EC /* AppDelegate.swift */,
				F2AE5F7F216250B800D334EC /* Main.storyboard */,
				F2AE5F82216250B900D334EC /* Assets.xcassets */,
				F2AE5F84216250B900D334EC /* LaunchScreen.storyboard */,
				F2AE5F87216250BA00D334EC /* Info.plist */,
			);
			path = QRCodePOC;
			sourceTree = "<group>";
		};
		F2AE5F8F2162579400D334EC /* ScanQRCode */ = {
			isa = PBXGroup;
			children = (
				F2AE5F7D216250B800D334EC /* QRCodeViewController.swift */,
				F2AE5F8D2162558600D334EC /* QRScanerViewController.swift */,
			);
			path = ScanQRCode;
			sourceTree = "<group>";
		};
		F2D81B482163DAE2004E6331 /* QRInformation */ = {
			isa = PBXGroup;
			children = (
				F2D81B452163D984004E6331 /* Data.json */,
				F2D81B492163DB85004E6331 /* Information.swift */,
			);
			path = QRInformation;
			sourceTree = "<group>";
		};
/* End PBXGroup section */

/* Begin PBXNativeTarget section */
		F2AE5F77216250B800D334EC /* QRCodePOC */ = {
			isa = PBXNativeTarget;
			buildConfigurationList = F2AE5F8A216250BA00D334EC /* Build configuration list for PBXNativeTarget "QRCodePOC" */;
			buildPhases = (
				F2AE5F74216250B800D334EC /* Sources */,
				F2AE5F75216250B800D334EC /* Frameworks */,
				F2AE5F76216250B800D334EC /* Resources */,
			);
			buildRules = (
			);
			dependencies = (
			);
			name = QRCodePOC;
			productName = QRCodePOC;
			productReference = F2AE5F78216250B800D334EC /* QRCodePOC.app */;
			productType = "com.apple.product-type.application";
		};
/* End PBXNativeTarget section */

/* Begin PBXProject section */
		F2AE5F70216250B800D334EC /* Project object */ = {
			isa = PBXProject;
			attributes = {
				LastSwiftUpdateCheck = 1000;
				LastUpgradeCheck = 1000;
				ORGANIZATIONNAME = "Rodrigo Noronha";
				TargetAttributes = {
					F2AE5F77216250B800D334EC = {
						CreatedOnToolsVersion = 10.0;
					};
				};
			};
			buildConfigurationList = F2AE5F73216250B800D334EC /* Build configuration list for PBXProject "QRCodePOC" */;
			compatibilityVersion = "Xcode 9.3";
			developmentRegion = en;
			hasScannedForEncodings = 0;
			knownRegions = (
				en,
				Base,
			);
			mainGroup = F2AE5F6F216250B800D334EC;
			productRefGroup = F2AE5F79216250B800D334EC /* Products */;
			projectDirPath = "";
			projectRoot = "";
			targets = (
				F2AE5F77216250B800D334EC /* QRCodePOC */,
			);
		};
/* End PBXProject section */

/* Begin PBXResourcesBuildPhase section */
		F2AE5F76216250B800D334EC /* Resources */ = {
			isa = PBXResourcesBuildPhase;
			buildActionMask = 2147483647;
			files = (
				F2AE5F86216250B900D334EC /* LaunchScreen.storyboard in Resources */,
				F2AE5F83216250B900D334EC /* Assets.xcassets in Resources */,
				F2AE5F81216250B800D334EC /* Main.storyboard in Resources */,
				F2D81B472163D984004E6331 /* Data.json in Resources */,
			);
			runOnlyForDeploymentPostprocessing = 0;
		};
/* End PBXResourcesBuildPhase section */

/* Begin PBXSourcesBuildPhase section */
		F2AE5F74216250B800D334EC /* Sources */ = {
			isa = PBXSourcesBuildPhase;
			buildActionMask = 2147483647;
			files = (
				F2AE5F7E216250B800D334EC /* QRCodeViewController.swift in Sources */,
				F2AE5F7C216250B800D334EC /* AppDelegate.swift in Sources */,
				F2D81B4A2163DB85004E6331 /* Information.swift in Sources */,
				F2AE5F8E2162558600D334EC /* QRScanerViewController.swift in Sources */,
			);
			runOnlyForDeploymentPostprocessing = 0;
		};
/* End PBXSourcesBuildPhase section */

/* Begin PBXVariantGroup section */
		F2AE5F7F216250B800D334EC /* Main.storyboard */ = {
			isa = PBXVariantGroup;
			children = (
				F2AE5F80216250B800D334EC /* Base */,
			);
			name = Main.storyboard;
			sourceTree = "<group>";
		};
		F2AE5F84216250B900D334EC /* LaunchScreen.storyboard */ = {
			isa = PBXVariantGroup;
			children = (
				F2AE5F85216250B900D334EC /* Base */,
			);
			name = LaunchScreen.storyboard;
			sourceTree = "<group>";
		};
		F2D81B452163D984004E6331 /* Data.json */ = {
			isa = PBXVariantGroup;
			children = (
				F2D81B462163D984004E6331 /* Base */,
			);
			name = Data.json;
			sourceTree = "<group>";
		};
/* End PBXVariantGroup section */

/* Begin XCBuildConfiguration section */
		F2AE5F88216250BA00D334EC /* Debug */ = {
			isa = XCBuildConfiguration;
			buildSettings = {
				ALWAYS_SEARCH_USER_PATHS = NO;
				CLANG_ANALYZER_NONNULL = YES;
				CLANG_ANALYZER_NUMBER_OBJECT_CONVERSION = YES_AGGRESSIVE;
				CLANG_CXX_LANGUAGE_STANDARD = "gnu++14";
				CLANG_CXX_LIBRARY = "libc++";
				CLANG_ENABLE_MODULES = YES;
				CLANG_ENABLE_OBJC_ARC = YES;
				CLANG_ENABLE_OBJC_WEAK = YES;
				CLANG_WARN_BLOCK_CAPTURE_AUTORELEASING = YES;
				CLANG_WARN_BOOL_CONVERSION = YES;
				CLANG_WARN_COMMA = YES;
				CLANG_WARN_CONSTANT_CONVERSION = YES;
				CLANG_WARN_DEPRECATED_OBJC_IMPLEMENTATIONS = YES;
				CLANG_WARN_DIRECT_OBJC_ISA_USAGE = YES_ERROR;
				CLANG_WARN_DOCUMENTATION_COMMENTS = YES;
				CLANG_WARN_EMPTY_BODY = YES;
				CLANG_WARN_ENUM_CONVERSION = YES;
				CLANG_WARN_INFINITE_RECURSION = YES;
				CLANG_WARN_INT_CONVERSION = YES;
				CLANG_WARN_NON_LITERAL_NULL_CONVERSION = YES;
				CLANG_WARN_OBJC_IMPLICIT_RETAIN_SELF = YES;
				CLANG_WARN_OBJC_LITERAL_CONVERSION = YES;
				CLANG_WARN_OBJC_ROOT_CLASS = YES_ERROR;
				CLANG_WARN_RANGE_LOOP_ANALYSIS = YES;
				CLANG_WARN_STRICT_PROTOTYPES = YES;
				CLANG_WARN_SUSPICIOUS_MOVE = YES;
				CLANG_WARN_UNGUARDED_AVAILABILITY = YES_AGGRESSIVE;
				CLANG_WARN_UNREACHABLE_CODE = YES;
				CLANG_WARN__DUPLICATE_METHOD_MATCH = YES;
				CODE_SIGN_IDENTITY = "iPhone Developer";
				COPY_PHASE_STRIP = NO;
				DEBUG_INFORMATION_FORMAT = dwarf;
				ENABLE_STRICT_OBJC_MSGSEND = YES;
				ENABLE_TESTABILITY = YES;
				GCC_C_LANGUAGE_STANDARD = gnu11;
				GCC_DYNAMIC_NO_PIC = NO;
				GCC_NO_COMMON_BLOCKS = YES;
				GCC_OPTIMIZATION_LEVEL = 0;
				GCC_PREPROCESSOR_DEFINITIONS = (
					"DEBUG=1",
					"$(inherited)",
				);
				GCC_WARN_64_TO_32_BIT_CONVERSION = YES;
				GCC_WARN_ABOUT_RETURN_TYPE = YES_ERROR;
				GCC_WARN_UNDECLARED_SELECTOR = YES;
				GCC_WARN_UNINITIALIZED_AUTOS = YES_AGGRESSIVE;
				GCC_WARN_UNUSED_FUNCTION = YES;
				GCC_WARN_UNUSED_VARIABLE = YES;
				IPHONEOS_DEPLOYMENT_TARGET = 12.0;
				MTL_ENABLE_DEBUG_INFO = INCLUDE_SOURCE;
				MTL_FAST_MATH = YES;
				ONLY_ACTIVE_ARCH = YES;
				SDKROOT = iphoneos;
				SWIFT_ACTIVE_COMPILATION_CONDITIONS = DEBUG;
				SWIFT_OPTIMIZATION_LEVEL = "-Onone";
			};
			name = Debug;
		};
		F2AE5F89216250BA00D334EC /* Release */ = {
			isa = XCBuildConfiguration;
			buildSettings = {
				ALWAYS_SEARCH_USER_PATHS = NO;
				CLANG_ANALYZER_NONNULL = YES;
				CLANG_ANALYZER_NUMBER_OBJECT_CONVERSION = YES_AGGRESSIVE;
				CLANG_CXX_LANGUAGE_STANDARD = "gnu++14";
				CLANG_CXX_LIBRARY = "libc++";
				CLANG_ENABLE_MODULES = YES;
				CLANG_ENABLE_OBJC_ARC = YES;
				CLANG_ENABLE_OBJC_WEAK = YES;
				CLANG_WARN_BLOCK_CAPTURE_AUTORELEASING = YES;
				CLANG_WARN_BOOL_CONVERSION = YES;
				CLANG_WARN_COMMA = YES;
				CLANG_WARN_CONSTANT_CONVERSION = YES;
				CLANG_WARN_DEPRECATED_OBJC_IMPLEMENTATIONS = YES;
				CLANG_WARN_DIRECT_OBJC_ISA_USAGE = YES_ERROR;
				CLANG_WARN_DOCUMENTATION_COMMENTS = YES;
				CLANG_WARN_EMPTY_BODY = YES;
				CLANG_WARN_ENUM_CONVERSION = YES;
				CLANG_WARN_INFINITE_RECURSION = YES;
				CLANG_WARN_INT_CONVERSION = YES;
				CLANG_WARN_NON_LITERAL_NULL_CONVERSION = YES;
				CLANG_WARN_OBJC_IMPLICIT_RETAIN_SELF = YES;
				CLANG_WARN_OBJC_LITERAL_CONVERSION = YES;
				CLANG_WARN_OBJC_ROOT_CLASS = YES_ERROR;
				CLANG_WARN_RANGE_LOOP_ANALYSIS = YES;
				CLANG_WARN_STRICT_PROTOTYPES = YES;
				CLANG_WARN_SUSPICIOUS_MOVE = YES;
				CLANG_WARN_UNGUARDED_AVAILABILITY = YES_AGGRESSIVE;
				CLANG_WARN_UNREACHABLE_CODE = YES;
				CLANG_WARN__DUPLICATE_METHOD_MATCH = YES;
				CODE_SIGN_IDENTITY = "iPhone Developer";
				COPY_PHASE_STRIP = NO;
				DEBUG_INFORMATION_FORMAT = "dwarf-with-dsym";
				ENABLE_NS_ASSERTIONS = NO;
				ENABLE_STRICT_OBJC_MSGSEND = YES;
				GCC_C_LANGUAGE_STANDARD = gnu11;
				GCC_NO_COMMON_BLOCKS = YES;
				GCC_WARN_64_TO_32_BIT_CONVERSION = YES;
				GCC_WARN_ABOUT_RETURN_TYPE = YES_ERROR;
				GCC_WARN_UNDECLARED_SELECTOR = YES;
				GCC_WARN_UNINITIALIZED_AUTOS = YES_AGGRESSIVE;
				GCC_WARN_UNUSED_FUNCTION = YES;
				GCC_WARN_UNUSED_VARIABLE = YES;
				IPHONEOS_DEPLOYMENT_TARGET = 12.0;
				MTL_ENABLE_DEBUG_INFO = NO;
				MTL_FAST_MATH = YES;
				SDKROOT = iphoneos;
				SWIFT_COMPILATION_MODE = wholemodule;
				SWIFT_OPTIMIZATION_LEVEL = "-O";
				VALIDATE_PRODUCT = YES;
			};
			name = Release;
		};
		F2AE5F8B216250BA00D334EC /* Debug */ = {
			isa = XCBuildConfiguration;
			buildSettings = {
				ASSETCATALOG_COMPILER_APPICON_NAME = AppIcon;
				CODE_SIGN_STYLE = Automatic;
				DEVELOPMENT_TEAM = K3MJ38Y24S;
				INFOPLIST_FILE = QRCodePOC/Info.plist;
				IPHONEOS_DEPLOYMENT_TARGET = 9.0;
				LD_RUNPATH_SEARCH_PATHS = (
					"$(inherited)",
					"@executable_path/Frameworks",
				);
				PRODUCT_BUNDLE_IDENTIFIER = com.rodrigomaximo.Movile.QRCodePOC;
				PRODUCT_NAME = "$(TARGET_NAME)";
				SWIFT_VERSION = 4.2;
				TARGETED_DEVICE_FAMILY = "1,2";
			};
			name = Debug;
		};
		F2AE5F8C216250BA00D334EC /* Release */ = {
			isa = XCBuildConfiguration;
			buildSettings = {
				ASSETCATALOG_COMPILER_APPICON_NAME = AppIcon;
				CODE_SIGN_STYLE = Automatic;
				DEVELOPMENT_TEAM = K3MJ38Y24S;
				INFOPLIST_FILE = QRCodePOC/Info.plist;
				IPHONEOS_DEPLOYMENT_TARGET = 9.0;
				LD_RUNPATH_SEARCH_PATHS = (
					"$(inherited)",
					"@executable_path/Frameworks",
				);
				PRODUCT_BUNDLE_IDENTIFIER = com.rodrigomaximo.Movile.QRCodePOC;
				PRODUCT_NAME = "$(TARGET_NAME)";
				SWIFT_VERSION = 4.2;
				TARGETED_DEVICE_FAMILY = "1,2";
			};
			name = Release;
		};
/* End XCBuildConfiguration section */

/* Begin XCConfigurationList section */
		F2AE5F73216250B800D334EC /* Build configuration list for PBXProject "QRCodePOC" */ = {
			isa = XCConfigurationList;
			buildConfigurations = (
				F2AE5F88216250BA00D334EC /* Debug */,
				F2AE5F89216250BA00D334EC /* Release */,
			);
			defaultConfigurationIsVisible = 0;
			defaultConfigurationName = Release;
		};
		F2AE5F8A216250BA00D334EC /* Build configuration list for PBXNativeTarget "QRCodePOC" */ = {
			isa = XCConfigurationList;
			buildConfigurations = (
				F2AE5F8B216250BA00D334EC /* Debug */,
				F2AE5F8C216250BA00D334EC /* Release */,
			);
			defaultConfigurationIsVisible = 0;
			defaultConfigurationName = Release;
		};
/* End XCConfigurationList section */
	};
	rootObject = F2AE5F70216250B800D334EC /* Project object */;
}
